
Microsoft Visual Studio Solution File, Format Version 12.00
# Visual Studio 2013
VisualStudioVersion = 12.0.21005.1
MinimumVisualStudioVersion = 10.0.40219.1
Project("{8BC9CEB8-8B4A-11D0-8D11-00A0C91BC942}") = "C", "C\C.vcxproj", "{38B7B612-3ACF-4DDA-83B9-2C99C1A67EBE}"
EndProject
Project("{8BC9CEB8-8B4A-11D0-8D11-00A0C91BC942}") = "pointers", "pointers\pointers.vcxproj", "{68697625-59D4-4F34-A823-457184D9BF4F}"
EndProject
Global
	GlobalSection(SolutionConfigurationPlatforms) = preSolution
		Debug|Win32 = Debug|Win32
		Release|Win32 = Release|Win32
	EndGlobalSection
	GlobalSection(ProjectConfigurationPlatforms) = postSolution
		{38B7B612-3ACF-4DDA-83B9-2C99C1A67EBE}.Debug|Win32.ActiveCfg = Debug|Win32
		{38B7B612-3ACF-4DDA-83B9-2C99C1A67EBE}.Debug|Win32.Build.0 = Debug|Win32
		{38B7B612-3ACF-4DDA-83B9-2C99C1A67EBE}.Release|Win32.ActiveCfg = Release|Win32
		{38B7B612-3ACF-4DDA-83B9-2C99C1A67EBE}.Release|Win32.Build.0 = Release|Win32
		{68697625-59D4-4F34-A823-457184D9BF4F}.Debug|Win32.ActiveCfg = Debug|Win32
		{68697625-59D4-4F34-A823-457184D9BF4F}.Debug|Win32.Build.0 = Debug|Win32
		{68697625-59D4-4F34-A823-457184D9BF4F}.Release|Win32.ActiveCfg = Release|Win32
		{68697625-59D4-4F34-A823-457184D9BF4F}.Release|Win32.Build.0 = Release|Win32
	EndGlobalSection
	GlobalSection(SolutionProperties) = preSolution
		HideSolutionNode = FALSE
	EndGlobalSection
EndGlobal
